
Microsoft Visual Studio Solution File, Format Version 12.00
# Visual Studio 2013
VisualStudioVersion = 12.0.30110.0
MinimumVisualStudioVersion = 10.0.40219.1
Project("{FAE04EC0-301F-11D3-BF4B-00C04F79EFBC}") = "Pipelines", "Pipelines\Pipelines.csproj", "{74C985E7-82E6-4B37-8B0A-630F84945F46}"
EndProject
Project("{FAE04EC0-301F-11D3-BF4B-00C04F79EFBC}") = "Pipelines.Web", "Pipelines.Web\Pipelines.Web.csproj", "{04E86831-469F-4C81-AA9A-7156BCB94719}"
EndProject
Project("{FAE04EC0-301F-11D3-BF4B-00C04F79EFBC}") = "ReleaseManager.Model", "ReleaseManager.Model\ReleaseManager.Model.csproj", "{39A58E05-705F-4A11-85A5-E13ADD55BE37}"
EndProject
Project("{FAE04EC0-301F-11D3-BF4B-00C04F79EFBC}") = "ReleaseManager.Process.Octopus", "ReleaseManager.Process.Octopus\ReleaseManager.Process.Octopus.csproj", "{23327E4A-C4F4-4FDE-ACB0-DD0C5F065B5A}"
EndProject
Project("{FAE04EC0-301F-11D3-BF4B-00C04F79EFBC}") = "ReleaseManager.Process.NUnit", "ReleaseManager.Process.NUnit\ReleaseManager.Process.NUnit.csproj", "{0525B7FE-03AE-43E9-98B1-DB145B4B8BB2}"
EndProject
Project("{FAE04EC0-301F-11D3-BF4B-00C04F79EFBC}") = "ReleaseManager.Events", "ReleaseManager.Events\ReleaseManager.Events.csproj", "{8A648026-B381-4CFC-8953-7E748C8321D6}"
EndProject
Project("{FAE04EC0-301F-11D3-BF4B-00C04F79EFBC}") = "Pipelines.Autofac", "Pipelines.Autofac\Pipelines.Autofac.csproj", "{61700CC3-A24C-4FFB-A75A-53EC69FEDF47}"
EndProject
Project("{FAE04EC0-301F-11D3-BF4B-00C04F79EFBC}") = "Pipelines.UnitTests", "Pipelines.UnitTests\Pipelines.UnitTests.csproj", "{8845AE5A-B2D2-4243-9008-8B31325AA862}"
EndProject
Project("{FAE04EC0-301F-11D3-BF4B-00C04F79EFBC}") = "ReleaseManager.DataAccess", "ReleaseManager.DataAccess\ReleaseManager.DataAccess.csproj", "{E7C47A8E-DD41-4149-B408-24DD7B806E22}"
EndProject
Project("{FAE04EC0-301F-11D3-BF4B-00C04F79EFBC}") = "ReleaseManager.DataAccess.UnitTests", "ReleaseManager.DataAccess.UnitTests\ReleaseManager.DataAccess.UnitTests.csproj", "{567F5EBE-7702-4746-8B50-CD476DAFEA8D}"
EndProject
Project("{FAE04EC0-301F-11D3-BF4B-00C04F79EFBC}") = "Pipelines.Infrastructure.UnitTests", "Pipelines.Infrastructure.UnitTests\Pipelines.Infrastructure.UnitTests.csproj", "{A7AA155C-7373-4C1B-8E00-23A40FCEB0EC}"
EndProject
Project("{FAE04EC0-301F-11D3-BF4B-00C04F79EFBC}") = "ReleaseManager.Extensibility", "ReleaseManager.Extensibility\ReleaseManager.Extensibility.csproj", "{188071C0-5060-4DB8-A06E-1341052C62BD}"
EndProject
Project("{FAE04EC0-301F-11D3-BF4B-00C04F79EFBC}") = "Pipelines.Infrastructure", "Pipelines.Infrastrcuture\Pipelines.Infrastructure.csproj", "{D562278E-0A78-4EF9-A18D-E7B6A424CFB1}"
EndProject
Project("{FAE04EC0-301F-11D3-BF4B-00C04F79EFBC}") = "ReleaseManager.Process.TeamCity", "ReleaseManager.Process.TeamCity\ReleaseManager.Process.TeamCity.csproj", "{38AF275A-F9A0-428A-8E8E-6AE6A76A304B}"
EndProject
Project("{FAE04EC0-301F-11D3-BF4B-00C04F79EFBC}") = "ReleaseManager.Host", "ReleaseManager.Host\ReleaseManager.Host.csproj", "{27167323-59C0-48CE-9738-656F604F3D08}"
EndProject
Project("{2150E333-8FDC-42A3-9474-1A3956D46DE8}") = "Pipeline", "Pipeline", "{A4FF6006-5F74-4D1D-9E4D-E3284965CA73}"
EndProject
Project("{2150E333-8FDC-42A3-9474-1A3956D46DE8}") = "ReleaseManager", "ReleaseManager", "{55FD9937-5673-4F75-8CBB-93196FE5A6C4}"
EndProject
Project("{2150E333-8FDC-42A3-9474-1A3956D46DE8}") = "Extensions", "Extensions", "{23430F71-B453-4816-9DB1-42E5E9AD15D1}"
EndProject
Global
	GlobalSection(SolutionConfigurationPlatforms) = preSolution
		Debug|Any CPU = Debug|Any CPU
		Release|Any CPU = Release|Any CPU
	EndGlobalSection
	GlobalSection(ProjectConfigurationPlatforms) = postSolution
		{74C985E7-82E6-4B37-8B0A-630F84945F46}.Debug|Any CPU.ActiveCfg = Debug|Any CPU
		{74C985E7-82E6-4B37-8B0A-630F84945F46}.Debug|Any CPU.Build.0 = Debug|Any CPU
		{74C985E7-82E6-4B37-8B0A-630F84945F46}.Release|Any CPU.ActiveCfg = Release|Any CPU
		{74C985E7-82E6-4B37-8B0A-630F84945F46}.Release|Any CPU.Build.0 = Release|Any CPU
		{04E86831-469F-4C81-AA9A-7156BCB94719}.Debug|Any CPU.ActiveCfg = Debug|Any CPU
		{04E86831-469F-4C81-AA9A-7156BCB94719}.Debug|Any CPU.Build.0 = Debug|Any CPU
		{04E86831-469F-4C81-AA9A-7156BCB94719}.Release|Any CPU.ActiveCfg = Release|Any CPU
		{04E86831-469F-4C81-AA9A-7156BCB94719}.Release|Any CPU.Build.0 = Release|Any CPU
		{39A58E05-705F-4A11-85A5-E13ADD55BE37}.Debug|Any CPU.ActiveCfg = Debug|Any CPU
		{39A58E05-705F-4A11-85A5-E13ADD55BE37}.Debug|Any CPU.Build.0 = Debug|Any CPU
		{39A58E05-705F-4A11-85A5-E13ADD55BE37}.Release|Any CPU.ActiveCfg = Release|Any CPU
		{39A58E05-705F-4A11-85A5-E13ADD55BE37}.Release|Any CPU.Build.0 = Release|Any CPU
		{23327E4A-C4F4-4FDE-ACB0-DD0C5F065B5A}.Debug|Any CPU.ActiveCfg = Debug|Any CPU
		{23327E4A-C4F4-4FDE-ACB0-DD0C5F065B5A}.Debug|Any CPU.Build.0 = Debug|Any CPU
		{23327E4A-C4F4-4FDE-ACB0-DD0C5F065B5A}.Release|Any CPU.ActiveCfg = Release|Any CPU
		{23327E4A-C4F4-4FDE-ACB0-DD0C5F065B5A}.Release|Any CPU.Build.0 = Release|Any CPU
		{0525B7FE-03AE-43E9-98B1-DB145B4B8BB2}.Debug|Any CPU.ActiveCfg = Debug|Any CPU
		{0525B7FE-03AE-43E9-98B1-DB145B4B8BB2}.Debug|Any CPU.Build.0 = Debug|Any CPU
		{0525B7FE-03AE-43E9-98B1-DB145B4B8BB2}.Release|Any CPU.ActiveCfg = Release|Any CPU
		{0525B7FE-03AE-43E9-98B1-DB145B4B8BB2}.Release|Any CPU.Build.0 = Release|Any CPU
		{8A648026-B381-4CFC-8953-7E748C8321D6}.Debug|Any CPU.ActiveCfg = Debug|Any CPU
		{8A648026-B381-4CFC-8953-7E748C8321D6}.Debug|Any CPU.Build.0 = Debug|Any CPU
		{8A648026-B381-4CFC-8953-7E748C8321D6}.Release|Any CPU.ActiveCfg = Release|Any CPU
		{8A648026-B381-4CFC-8953-7E748C8321D6}.Release|Any CPU.Build.0 = Release|Any CPU
		{61700CC3-A24C-4FFB-A75A-53EC69FEDF47}.Debug|Any CPU.ActiveCfg = Debug|Any CPU
		{61700CC3-A24C-4FFB-A75A-53EC69FEDF47}.Debug|Any CPU.Build.0 = Debug|Any CPU
		{61700CC3-A24C-4FFB-A75A-53EC69FEDF47}.Release|Any CPU.ActiveCfg = Release|Any CPU
		{61700CC3-A24C-4FFB-A75A-53EC69FEDF47}.Release|Any CPU.Build.0 = Release|Any CPU
		{8845AE5A-B2D2-4243-9008-8B31325AA862}.Debug|Any CPU.ActiveCfg = Debug|Any CPU
		{8845AE5A-B2D2-4243-9008-8B31325AA862}.Debug|Any CPU.Build.0 = Debug|Any CPU
		{8845AE5A-B2D2-4243-9008-8B31325AA862}.Release|Any CPU.ActiveCfg = Release|Any CPU
		{8845AE5A-B2D2-4243-9008-8B31325AA862}.Release|Any CPU.Build.0 = Release|Any CPU
		{E7C47A8E-DD41-4149-B408-24DD7B806E22}.Debug|Any CPU.ActiveCfg = Debug|Any CPU
		{E7C47A8E-DD41-4149-B408-24DD7B806E22}.Debug|Any CPU.Build.0 = Debug|Any CPU
		{E7C47A8E-DD41-4149-B408-24DD7B806E22}.Release|Any CPU.ActiveCfg = Release|Any CPU
		{E7C47A8E-DD41-4149-B408-24DD7B806E22}.Release|Any CPU.Build.0 = Release|Any CPU
		{567F5EBE-7702-4746-8B50-CD476DAFEA8D}.Debug|Any CPU.ActiveCfg = Debug|Any CPU
		{567F5EBE-7702-4746-8B50-CD476DAFEA8D}.Debug|Any CPU.Build.0 = Debug|Any CPU
		{567F5EBE-7702-4746-8B50-CD476DAFEA8D}.Release|Any CPU.ActiveCfg = Release|Any CPU
		{567F5EBE-7702-4746-8B50-CD476DAFEA8D}.Release|Any CPU.Build.0 = Release|Any CPU
		{A7AA155C-7373-4C1B-8E00-23A40FCEB0EC}.Debug|Any CPU.ActiveCfg = Debug|Any CPU
		{A7AA155C-7373-4C1B-8E00-23A40FCEB0EC}.Debug|Any CPU.Build.0 = Debug|Any CPU
		{A7AA155C-7373-4C1B-8E00-23A40FCEB0EC}.Release|Any CPU.ActiveCfg = Release|Any CPU
		{A7AA155C-7373-4C1B-8E00-23A40FCEB0EC}.Release|Any CPU.Build.0 = Release|Any CPU
		{188071C0-5060-4DB8-A06E-1341052C62BD}.Debug|Any CPU.ActiveCfg = Debug|Any CPU
		{188071C0-5060-4DB8-A06E-1341052C62BD}.Debug|Any CPU.Build.0 = Debug|Any CPU
		{188071C0-5060-4DB8-A06E-1341052C62BD}.Release|Any CPU.ActiveCfg = Release|Any CPU
		{188071C0-5060-4DB8-A06E-1341052C62BD}.Release|Any CPU.Build.0 = Release|Any CPU
		{D562278E-0A78-4EF9-A18D-E7B6A424CFB1}.Debug|Any CPU.ActiveCfg = Debug|Any CPU
		{D562278E-0A78-4EF9-A18D-E7B6A424CFB1}.Debug|Any CPU.Build.0 = Debug|Any CPU
		{D562278E-0A78-4EF9-A18D-E7B6A424CFB1}.Release|Any CPU.ActiveCfg = Release|Any CPU
		{D562278E-0A78-4EF9-A18D-E7B6A424CFB1}.Release|Any CPU.Build.0 = Release|Any CPU
		{38AF275A-F9A0-428A-8E8E-6AE6A76A304B}.Debug|Any CPU.ActiveCfg = Debug|Any CPU
		{38AF275A-F9A0-428A-8E8E-6AE6A76A304B}.Debug|Any CPU.Build.0 = Debug|Any CPU
		{38AF275A-F9A0-428A-8E8E-6AE6A76A304B}.Release|Any CPU.ActiveCfg = Release|Any CPU
		{38AF275A-F9A0-428A-8E8E-6AE6A76A304B}.Release|Any CPU.Build.0 = Release|Any CPU
		{27167323-59C0-48CE-9738-656F604F3D08}.Debug|Any CPU.ActiveCfg = Debug|Any CPU
		{27167323-59C0-48CE-9738-656F604F3D08}.Debug|Any CPU.Build.0 = Debug|Any CPU
		{27167323-59C0-48CE-9738-656F604F3D08}.Release|Any CPU.ActiveCfg = Release|Any CPU
		{27167323-59C0-48CE-9738-656F604F3D08}.Release|Any CPU.Build.0 = Release|Any CPU
	EndGlobalSection
	GlobalSection(SolutionProperties) = preSolution
		HideSolutionNode = FALSE
	EndGlobalSection
	GlobalSection(NestedProjects) = preSolution
		{74C985E7-82E6-4B37-8B0A-630F84945F46} = {A4FF6006-5F74-4D1D-9E4D-E3284965CA73}
		{61700CC3-A24C-4FFB-A75A-53EC69FEDF47} = {A4FF6006-5F74-4D1D-9E4D-E3284965CA73}
		{D562278E-0A78-4EF9-A18D-E7B6A424CFB1} = {A4FF6006-5F74-4D1D-9E4D-E3284965CA73}
		{A7AA155C-7373-4C1B-8E00-23A40FCEB0EC} = {A4FF6006-5F74-4D1D-9E4D-E3284965CA73}
		{8845AE5A-B2D2-4243-9008-8B31325AA862} = {A4FF6006-5F74-4D1D-9E4D-E3284965CA73}
		{04E86831-469F-4C81-AA9A-7156BCB94719} = {A4FF6006-5F74-4D1D-9E4D-E3284965CA73}
		{E7C47A8E-DD41-4149-B408-24DD7B806E22} = {55FD9937-5673-4F75-8CBB-93196FE5A6C4}
		{567F5EBE-7702-4746-8B50-CD476DAFEA8D} = {55FD9937-5673-4F75-8CBB-93196FE5A6C4}
		{8A648026-B381-4CFC-8953-7E748C8321D6} = {55FD9937-5673-4F75-8CBB-93196FE5A6C4}
		{188071C0-5060-4DB8-A06E-1341052C62BD} = {55FD9937-5673-4F75-8CBB-93196FE5A6C4}
		{27167323-59C0-48CE-9738-656F604F3D08} = {55FD9937-5673-4F75-8CBB-93196FE5A6C4}
		{39A58E05-705F-4A11-85A5-E13ADD55BE37} = {55FD9937-5673-4F75-8CBB-93196FE5A6C4}
		{0525B7FE-03AE-43E9-98B1-DB145B4B8BB2} = {23430F71-B453-4816-9DB1-42E5E9AD15D1}
		{23327E4A-C4F4-4FDE-ACB0-DD0C5F065B5A} = {23430F71-B453-4816-9DB1-42E5E9AD15D1}
		{38AF275A-F9A0-428A-8E8E-6AE6A76A304B} = {23430F71-B453-4816-9DB1-42E5E9AD15D1}
	EndGlobalSection
EndGlobal
